
Microsoft Visual Studio Solution File, Format Version 12.00
# Visual Studio Version 17
VisualStudioVersion = 17.11.35222.181
MinimumVisualStudioVersion = 10.0.40219.1
Project("{FAE04EC0-301F-11D3-BF4B-00C04F79EFBC}") = "CafeKiosk", "CafeKiosk\CafeKiosk.csproj", "{6A53B730-411E-476C-962D-2FDE8C8FEC25}"
EndProject
Global
	GlobalSection(SolutionConfigurationPlatforms) = preSolution
		Debug|Any CPU = Debug|Any CPU
		Release|Any CPU = Release|Any CPU
	EndGlobalSection
	GlobalSection(ProjectConfigurationPlatforms) = postSolution
		{6A53B730-411E-476C-962D-2FDE8C8FEC25}.Debug|Any CPU.ActiveCfg = Debug|Any CPU
		{6A53B730-411E-476C-962D-2FDE8C8FEC25}.Debug|Any CPU.Build.0 = Debug|Any CPU
		{6A53B730-411E-476C-962D-2FDE8C8FEC25}.Release|Any CPU.ActiveCfg = Release|Any CPU
		{6A53B730-411E-476C-962D-2FDE8C8FEC25}.Release|Any CPU.Build.0 = Release|Any CPU
	EndGlobalSection
	GlobalSection(SolutionProperties) = preSolution
		HideSolutionNode = FALSE
	EndGlobalSection
	GlobalSection(ExtensibilityGlobals) = postSolution
		SolutionGuid = {D00D405B-B3D3-4F15-BFD7-AFEF0775390A}
	EndGlobalSection
EndGlobal
